
Microsoft Visual Studio Solution File, Format Version 12.00
# Visual Studio Version 17
VisualStudioVersion = 17.7.34024.191
MinimumVisualStudioVersion = 10.0.40219.1
Project("{FAE04EC0-301F-11D3-BF4B-00C04F79EFBC}") = "UnWin", "UnWin.csproj", "{DED8449E-FB6D-4608-946D-6523000BD6A6}"
EndProject
Global
	GlobalSection(SolutionConfigurationPlatforms) = preSolution
		Debug|Any CPU = Debug|Any CPU
		Release|Any CPU = Release|Any CPU
	EndGlobalSection
	GlobalSection(ProjectConfigurationPlatforms) = postSolution
		{DED8449E-FB6D-4608-946D-6523000BD6A6}.Debug|Any CPU.ActiveCfg = Debug|Any CPU
		{DED8449E-FB6D-4608-946D-6523000BD6A6}.Debug|Any CPU.Build.0 = Debug|Any CPU
		{DED8449E-FB6D-4608-946D-6523000BD6A6}.Release|Any CPU.ActiveCfg = Release|Any CPU
		{DED8449E-FB6D-4608-946D-6523000BD6A6}.Release|Any CPU.Build.0 = Release|Any CPU
	EndGlobalSection
	GlobalSection(SolutionProperties) = preSolution
		HideSolutionNode = FALSE
	EndGlobalSection
	GlobalSection(ExtensibilityGlobals) = postSolution
		SolutionGuid = {427B074B-1407-4A30-AAE7-0A04B38A45E4}
	EndGlobalSection
EndGlobal
